
Microsoft Visual Studio Solution File, Format Version 12.00
# Visual Studio Version 17
VisualStudioVersion = 17.5.33424.131
MinimumVisualStudioVersion = 10.0.40219.1
Project("{FAE04EC0-301F-11D3-BF4B-00C04F79EFBC}") = "guibankapp", "guibankapp\guibankapp.csproj", "{299E2C6D-F0D6-4478-840A-077488D8D465}"
EndProject
Global
	GlobalSection(SolutionConfigurationPlatforms) = preSolution
		Debug|Any CPU = Debug|Any CPU
		Release|Any CPU = Release|Any CPU
	EndGlobalSection
	GlobalSection(ProjectConfigurationPlatforms) = postSolution
		{299E2C6D-F0D6-4478-840A-077488D8D465}.Debug|Any CPU.ActiveCfg = Debug|Any CPU
		{299E2C6D-F0D6-4478-840A-077488D8D465}.Debug|Any CPU.Build.0 = Debug|Any CPU
		{299E2C6D-F0D6-4478-840A-077488D8D465}.Release|Any CPU.ActiveCfg = Release|Any CPU
		{299E2C6D-F0D6-4478-840A-077488D8D465}.Release|Any CPU.Build.0 = Release|Any CPU
	EndGlobalSection
	GlobalSection(SolutionProperties) = preSolution
		HideSolutionNode = FALSE
	EndGlobalSection
	GlobalSection(ExtensibilityGlobals) = postSolution
		SolutionGuid = {E05B9CD3-D034-4AB8-B927-156B3FDAD9A3}
	EndGlobalSection
EndGlobal
